
Microsoft Visual Studio Solution File, Format Version 12.00
# Visual Studio Version 17
VisualStudioVersion = 17.1.32210.238
MinimumVisualStudioVersion = 10.0.40219.1
Project("{9A19103F-16F7-4668-BE54-9A1E7A4F7556}") = "CRUDoperations", "CRUDoperations\CRUDoperations.csproj", "{4C2DC6C2-CA49-499B-B6C9-3B3B8C25369C}"
EndProject
Project("{2150E333-8FDC-42A3-9474-1A3956D46DE8}") = "Core", "Core", "{0F220958-F2B4-4B43-BF88-EF03C6070B09}"
EndProject
Project("{2150E333-8FDC-42A3-9474-1A3956D46DE8}") = "Presentation", "Presentation", "{9A166013-6B49-403E-9023-AB00305B87CB}"
EndProject
Project("{9A19103F-16F7-4668-BE54-9A1E7A4F7556}") = "CRUDoperations.Services", "CRUDoperations.Services\CRUDoperations.Services.csproj", "{228938F5-4929-404B-9EDD-CE6ED3BDFF1C}"
EndProject
Project("{2150E333-8FDC-42A3-9474-1A3956D46DE8}") = "Infrastructure", "Infrastructure", "{9D6D0484-8AEB-4E1E-8170-EEE3098703A4}"
EndProject
Project("{9A19103F-16F7-4668-BE54-9A1E7A4F7556}") = "CRUDoperations.DataModel", "CRUDoperations.DataModel\CRUDoperations.DataModel.csproj", "{FD0CB0E1-37AC-4B31-85CC-C9DF7D5A4865}"
EndProject
Project("{9A19103F-16F7-4668-BE54-9A1E7A4F7556}") = "CRUDoperations.Repositories", "CRUDoperations.Repositories\CRUDoperations.Repositories.csproj", "{931B83EC-EEA6-4B78-896E-141B0924BE82}"
EndProject
Project("{9A19103F-16F7-4668-BE54-9A1E7A4F7556}") = "EFCoreMigrationExcution", "EFCoreMigrationExcution\EFCoreMigrationExcution.csproj", "{79AF2915-DC40-49E8-B59B-8DC73A412816}"
EndProject
Project("{2150E333-8FDC-42A3-9474-1A3956D46DE8}") = "Common", "Common", "{5C420AC0-C1E6-42FB-AC08-B02CCCA52A98}"
EndProject
Project("{9A19103F-16F7-4668-BE54-9A1E7A4F7556}") = "Common", "Common\Common.csproj", "{7086F476-1D5C-426A-ACE7-A2D17D823C27}"
EndProject
Project("{9A19103F-16F7-4668-BE54-9A1E7A4F7556}") = "CRUDoperations.IServices", "CRUDoperations.IServices\CRUDoperations.IServices.csproj", "{424055EF-C083-447C-8821-8164D9819D62}"
EndProject
Project("{9A19103F-16F7-4668-BE54-9A1E7A4F7556}") = "CRUDoperations.Dto", "CRUDoperations.Dto\CRUDoperations.Dto.csproj", "{0F4519D0-05CB-4711-9A30-80A363762B82}"
EndProject
Project("{FAE04EC0-301F-11D3-BF4B-00C04F79EFBC}") = "CRUDoperations.IRepositories", "CRUDoperations.IRepositories\CRUDoperations.IRepositories.csproj", "{783599F4-7A19-4663-8745-C99C166F0ABD}"
EndProject
Global
	GlobalSection(SolutionConfigurationPlatforms) = preSolution
		Debug|Any CPU = Debug|Any CPU
		Release|Any CPU = Release|Any CPU
	EndGlobalSection
	GlobalSection(ProjectConfigurationPlatforms) = postSolution
		{4C2DC6C2-CA49-499B-B6C9-3B3B8C25369C}.Debug|Any CPU.ActiveCfg = Debug|Any CPU
		{4C2DC6C2-CA49-499B-B6C9-3B3B8C25369C}.Debug|Any CPU.Build.0 = Debug|Any CPU
		{4C2DC6C2-CA49-499B-B6C9-3B3B8C25369C}.Release|Any CPU.ActiveCfg = Release|Any CPU
		{4C2DC6C2-CA49-499B-B6C9-3B3B8C25369C}.Release|Any CPU.Build.0 = Release|Any CPU
		{228938F5-4929-404B-9EDD-CE6ED3BDFF1C}.Debug|Any CPU.ActiveCfg = Debug|Any CPU
		{228938F5-4929-404B-9EDD-CE6ED3BDFF1C}.Debug|Any CPU.Build.0 = Debug|Any CPU
		{228938F5-4929-404B-9EDD-CE6ED3BDFF1C}.Release|Any CPU.ActiveCfg = Release|Any CPU
		{228938F5-4929-404B-9EDD-CE6ED3BDFF1C}.Release|Any CPU.Build.0 = Release|Any CPU
		{FD0CB0E1-37AC-4B31-85CC-C9DF7D5A4865}.Debug|Any CPU.ActiveCfg = Debug|Any CPU
		{FD0CB0E1-37AC-4B31-85CC-C9DF7D5A4865}.Debug|Any CPU.Build.0 = Debug|Any CPU
		{FD0CB0E1-37AC-4B31-85CC-C9DF7D5A4865}.Release|Any CPU.ActiveCfg = Release|Any CPU
		{FD0CB0E1-37AC-4B31-85CC-C9DF7D5A4865}.Release|Any CPU.Build.0 = Release|Any CPU
		{931B83EC-EEA6-4B78-896E-141B0924BE82}.Debug|Any CPU.ActiveCfg = Debug|Any CPU
		{931B83EC-EEA6-4B78-896E-141B0924BE82}.Debug|Any CPU.Build.0 = Debug|Any CPU
		{931B83EC-EEA6-4B78-896E-141B0924BE82}.Release|Any CPU.ActiveCfg = Release|Any CPU
		{931B83EC-EEA6-4B78-896E-141B0924BE82}.Release|Any CPU.Build.0 = Release|Any CPU
		{79AF2915-DC40-49E8-B59B-8DC73A412816}.Debug|Any CPU.ActiveCfg = Debug|Any CPU
		{79AF2915-DC40-49E8-B59B-8DC73A412816}.Debug|Any CPU.Build.0 = Debug|Any CPU
		{79AF2915-DC40-49E8-B59B-8DC73A412816}.Release|Any CPU.ActiveCfg = Release|Any CPU
		{79AF2915-DC40-49E8-B59B-8DC73A412816}.Release|Any CPU.Build.0 = Release|Any CPU
		{7086F476-1D5C-426A-ACE7-A2D17D823C27}.Debug|Any CPU.ActiveCfg = Debug|Any CPU
		{7086F476-1D5C-426A-ACE7-A2D17D823C27}.Debug|Any CPU.Build.0 = Debug|Any CPU
		{7086F476-1D5C-426A-ACE7-A2D17D823C27}.Release|Any CPU.ActiveCfg = Release|Any CPU
		{7086F476-1D5C-426A-ACE7-A2D17D823C27}.Release|Any CPU.Build.0 = Release|Any CPU
		{424055EF-C083-447C-8821-8164D9819D62}.Debug|Any CPU.ActiveCfg = Debug|Any CPU
		{424055EF-C083-447C-8821-8164D9819D62}.Debug|Any CPU.Build.0 = Debug|Any CPU
		{424055EF-C083-447C-8821-8164D9819D62}.Release|Any CPU.ActiveCfg = Release|Any CPU
		{424055EF-C083-447C-8821-8164D9819D62}.Release|Any CPU.Build.0 = Release|Any CPU
		{0F4519D0-05CB-4711-9A30-80A363762B82}.Debug|Any CPU.ActiveCfg = Debug|Any CPU
		{0F4519D0-05CB-4711-9A30-80A363762B82}.Debug|Any CPU.Build.0 = Debug|Any CPU
		{0F4519D0-05CB-4711-9A30-80A363762B82}.Release|Any CPU.ActiveCfg = Release|Any CPU
		{0F4519D0-05CB-4711-9A30-80A363762B82}.Release|Any CPU.Build.0 = Release|Any CPU
		{783599F4-7A19-4663-8745-C99C166F0ABD}.Debug|Any CPU.ActiveCfg = Debug|Any CPU
		{783599F4-7A19-4663-8745-C99C166F0ABD}.Debug|Any CPU.Build.0 = Debug|Any CPU
		{783599F4-7A19-4663-8745-C99C166F0ABD}.Release|Any CPU.ActiveCfg = Release|Any CPU
		{783599F4-7A19-4663-8745-C99C166F0ABD}.Release|Any CPU.Build.0 = Release|Any CPU
	EndGlobalSection
	GlobalSection(SolutionProperties) = preSolution
		HideSolutionNode = FALSE
	EndGlobalSection
	GlobalSection(NestedProjects) = preSolution
		{4C2DC6C2-CA49-499B-B6C9-3B3B8C25369C} = {9A166013-6B49-403E-9023-AB00305B87CB}
		{228938F5-4929-404B-9EDD-CE6ED3BDFF1C} = {0F220958-F2B4-4B43-BF88-EF03C6070B09}
		{FD0CB0E1-37AC-4B31-85CC-C9DF7D5A4865} = {9D6D0484-8AEB-4E1E-8170-EEE3098703A4}
		{931B83EC-EEA6-4B78-896E-141B0924BE82} = {9D6D0484-8AEB-4E1E-8170-EEE3098703A4}
		{79AF2915-DC40-49E8-B59B-8DC73A412816} = {9D6D0484-8AEB-4E1E-8170-EEE3098703A4}
		{7086F476-1D5C-426A-ACE7-A2D17D823C27} = {5C420AC0-C1E6-42FB-AC08-B02CCCA52A98}
		{424055EF-C083-447C-8821-8164D9819D62} = {0F220958-F2B4-4B43-BF88-EF03C6070B09}
		{0F4519D0-05CB-4711-9A30-80A363762B82} = {0F220958-F2B4-4B43-BF88-EF03C6070B09}
		{783599F4-7A19-4663-8745-C99C166F0ABD} = {9D6D0484-8AEB-4E1E-8170-EEE3098703A4}
	EndGlobalSection
	GlobalSection(ExtensibilityGlobals) = postSolution
		SolutionGuid = {1B8D9FAC-D373-43FA-972B-DA98682E751A}
	EndGlobalSection
EndGlobal
